
Microsoft Visual Studio Solution File, Format Version 12.00
# Visual Studio Version 17
VisualStudioVersion = 17.5.002.0
MinimumVisualStudioVersion = 10.0.40219.1
Project("{9A19103F-16F7-4668-BE54-9A1E7A4F7556}") = "ExplorandoCSharp", "ExplorandoCSharp.csproj", "{E922A8C7-2CCC-408B-AC4D-239D09CF9FF9}"
EndProject
Global
	GlobalSection(SolutionConfigurationPlatforms) = preSolution
		Debug|Any CPU = Debug|Any CPU
		Release|Any CPU = Release|Any CPU
	EndGlobalSection
	GlobalSection(ProjectConfigurationPlatforms) = postSolution
		{E922A8C7-2CCC-408B-AC4D-239D09CF9FF9}.Debug|Any CPU.ActiveCfg = Debug|Any CPU
		{E922A8C7-2CCC-408B-AC4D-239D09CF9FF9}.Debug|Any CPU.Build.0 = Debug|Any CPU
		{E922A8C7-2CCC-408B-AC4D-239D09CF9FF9}.Release|Any CPU.ActiveCfg = Release|Any CPU
		{E922A8C7-2CCC-408B-AC4D-239D09CF9FF9}.Release|Any CPU.Build.0 = Release|Any CPU
	EndGlobalSection
	GlobalSection(SolutionProperties) = preSolution
		HideSolutionNode = FALSE
	EndGlobalSection
	GlobalSection(ExtensibilityGlobals) = postSolution
		SolutionGuid = {70F4A761-4AEB-4E55-945E-15929DAFFF76}
	EndGlobalSection
EndGlobal
